
Microsoft Visual Studio Solution File, Format Version 12.00
# Visual Studio Version 16
VisualStudioVersion = 16.0.29503.13
MinimumVisualStudioVersion = 10.0.40219.1
Project("{FAE04EC0-301F-11D3-BF4B-00C04F79EFBC}") = "Curso", "Curso\Curso.csproj", "{FCD5B0C7-057D-4224-B54E-E38C6374EEE7}"
EndProject
Project("{FAE04EC0-301F-11D3-BF4B-00C04F79EFBC}") = "Nuevo", "Nuevo\Nuevo.csproj", "{048CB109-66BE-4D4D-BFEB-D4AF22069075}"
EndProject
Project("{FAE04EC0-301F-11D3-BF4B-00C04F79EFBC}") = "Nuevo.Tests", "Nuevo.Tests\Nuevo.Tests.csproj", "{6D37428E-6D60-4858-9D7A-FF6621991049}"
EndProject
Global
	GlobalSection(SolutionConfigurationPlatforms) = preSolution
		Debug|Any CPU = Debug|Any CPU
		Release|Any CPU = Release|Any CPU
	EndGlobalSection
	GlobalSection(ProjectConfigurationPlatforms) = postSolution
		{FCD5B0C7-057D-4224-B54E-E38C6374EEE7}.Debug|Any CPU.ActiveCfg = Debug|Any CPU
		{FCD5B0C7-057D-4224-B54E-E38C6374EEE7}.Debug|Any CPU.Build.0 = Debug|Any CPU
		{FCD5B0C7-057D-4224-B54E-E38C6374EEE7}.Release|Any CPU.ActiveCfg = Release|Any CPU
		{FCD5B0C7-057D-4224-B54E-E38C6374EEE7}.Release|Any CPU.Build.0 = Release|Any CPU
		{048CB109-66BE-4D4D-BFEB-D4AF22069075}.Debug|Any CPU.ActiveCfg = Debug|Any CPU
		{048CB109-66BE-4D4D-BFEB-D4AF22069075}.Debug|Any CPU.Build.0 = Debug|Any CPU
		{048CB109-66BE-4D4D-BFEB-D4AF22069075}.Release|Any CPU.ActiveCfg = Release|Any CPU
		{048CB109-66BE-4D4D-BFEB-D4AF22069075}.Release|Any CPU.Build.0 = Release|Any CPU
		{6D37428E-6D60-4858-9D7A-FF6621991049}.Debug|Any CPU.ActiveCfg = Debug|Any CPU
		{6D37428E-6D60-4858-9D7A-FF6621991049}.Debug|Any CPU.Build.0 = Debug|Any CPU
		{6D37428E-6D60-4858-9D7A-FF6621991049}.Release|Any CPU.ActiveCfg = Release|Any CPU
		{6D37428E-6D60-4858-9D7A-FF6621991049}.Release|Any CPU.Build.0 = Release|Any CPU
	EndGlobalSection
	GlobalSection(SolutionProperties) = preSolution
		HideSolutionNode = FALSE
	EndGlobalSection
	GlobalSection(ExtensibilityGlobals) = postSolution
		SolutionGuid = {545E9012-28FD-4946-9284-AABBAF2600D2}
	EndGlobalSection
EndGlobal
